
Microsoft Visual Studio Solution File, Format Version 12.00
# Visual Studio Version 17
VisualStudioVersion = 17.14.36414.22 d17.14
MinimumVisualStudioVersion = 10.0.40219.1
Project("{FAE04EC0-301F-11D3-BF4B-00C04F79EFBC}") = "test-owned-entity", "test-owned-entity\test-owned-entity.csproj", "{13C8769D-FD5F-4D9C-BACF-1C48D2577EC7}"
EndProject
Global
	GlobalSection(SolutionConfigurationPlatforms) = preSolution
		Debug|Any CPU = Debug|Any CPU
		Release|Any CPU = Release|Any CPU
	EndGlobalSection
	GlobalSection(ProjectConfigurationPlatforms) = postSolution
		{13C8769D-FD5F-4D9C-BACF-1C48D2577EC7}.Debug|Any CPU.ActiveCfg = Debug|Any CPU
		{13C8769D-FD5F-4D9C-BACF-1C48D2577EC7}.Debug|Any CPU.Build.0 = Debug|Any CPU
		{13C8769D-FD5F-4D9C-BACF-1C48D2577EC7}.Release|Any CPU.ActiveCfg = Release|Any CPU
		{13C8769D-FD5F-4D9C-BACF-1C48D2577EC7}.Release|Any CPU.Build.0 = Release|Any CPU
	EndGlobalSection
	GlobalSection(SolutionProperties) = preSolution
		HideSolutionNode = FALSE
	EndGlobalSection
	GlobalSection(ExtensibilityGlobals) = postSolution
		SolutionGuid = {B8BFFFAD-364E-45C8-A3F5-84CF123EE2D3}
	EndGlobalSection
EndGlobal
